
Microsoft Visual Studio Solution File, Format Version 12.00
# Visual Studio Version 17
VisualStudioVersion = 17.3.32929.385
MinimumVisualStudioVersion = 10.0.40219.1
Project("{2150E333-8FDC-42A3-9474-1A3956D46DE8}") = "Core", "Core", "{00A687F5-4B11-4744-96AD-7134E24A2D7B}"
EndProject
Project("{FAE04EC0-301F-11D3-BF4B-00C04F79EFBC}") = "ETicaretAPI.Domain", "Core\ETicaretAPI.Domain\ETicaretAPI.Domain.csproj", "{4F9AB419-FFED-47A6-A5F1-76763C63A98F}"
EndProject
Project("{FAE04EC0-301F-11D3-BF4B-00C04F79EFBC}") = "ETicaretAPI.Application", "Core\ETicaretAPI.Application\ETicaretAPI.Application.csproj", "{FB7E190F-4274-4036-A99B-B05261519475}"
EndProject
Project("{2150E333-8FDC-42A3-9474-1A3956D46DE8}") = "Infrastructrue", "Infrastructrue", "{D4F1F721-7D79-43D8-AB41-BE6C2CAC0A7D}"
EndProject
Project("{FAE04EC0-301F-11D3-BF4B-00C04F79EFBC}") = "ETicaretAPI.Infrastructrue", "Infrastructrue\ETicaretAPI.Infrastructrue\ETicaretAPI.Infrastructrue.csproj", "{3C37973E-9BFC-43DF-9537-BD8024F74216}"
EndProject
Project("{FAE04EC0-301F-11D3-BF4B-00C04F79EFBC}") = "ETicaretAPI.Persistence", "Infrastructrue\ETicaretAPI.Persistence\ETicaretAPI.Persistence.csproj", "{C4E34994-E4D8-447C-AD80-F55BE02A4779}"
EndProject
Project("{2150E333-8FDC-42A3-9474-1A3956D46DE8}") = "Presentation", "Presentation", "{6343CBB2-E7BD-41D9-BBF8-63970FEA1944}"
EndProject
Project("{FAE04EC0-301F-11D3-BF4B-00C04F79EFBC}") = "ETicaretAPI.API", "Presentation\ETicaretAPI.API\ETicaretAPI.API.csproj", "{5A049120-4E29-4114-9BF1-7D6870EBD5FC}"
EndProject
Global
	GlobalSection(SolutionConfigurationPlatforms) = preSolution
		Debug|Any CPU = Debug|Any CPU
		Release|Any CPU = Release|Any CPU
	EndGlobalSection
	GlobalSection(ProjectConfigurationPlatforms) = postSolution
		{4F9AB419-FFED-47A6-A5F1-76763C63A98F}.Debug|Any CPU.ActiveCfg = Debug|Any CPU
		{4F9AB419-FFED-47A6-A5F1-76763C63A98F}.Debug|Any CPU.Build.0 = Debug|Any CPU
		{4F9AB419-FFED-47A6-A5F1-76763C63A98F}.Release|Any CPU.ActiveCfg = Release|Any CPU
		{4F9AB419-FFED-47A6-A5F1-76763C63A98F}.Release|Any CPU.Build.0 = Release|Any CPU
		{FB7E190F-4274-4036-A99B-B05261519475}.Debug|Any CPU.ActiveCfg = Debug|Any CPU
		{FB7E190F-4274-4036-A99B-B05261519475}.Debug|Any CPU.Build.0 = Debug|Any CPU
		{FB7E190F-4274-4036-A99B-B05261519475}.Release|Any CPU.ActiveCfg = Release|Any CPU
		{FB7E190F-4274-4036-A99B-B05261519475}.Release|Any CPU.Build.0 = Release|Any CPU
		{3C37973E-9BFC-43DF-9537-BD8024F74216}.Debug|Any CPU.ActiveCfg = Debug|Any CPU
		{3C37973E-9BFC-43DF-9537-BD8024F74216}.Debug|Any CPU.Build.0 = Debug|Any CPU
		{3C37973E-9BFC-43DF-9537-BD8024F74216}.Release|Any CPU.ActiveCfg = Release|Any CPU
		{3C37973E-9BFC-43DF-9537-BD8024F74216}.Release|Any CPU.Build.0 = Release|Any CPU
		{C4E34994-E4D8-447C-AD80-F55BE02A4779}.Debug|Any CPU.ActiveCfg = Debug|Any CPU
		{C4E34994-E4D8-447C-AD80-F55BE02A4779}.Debug|Any CPU.Build.0 = Debug|Any CPU
		{C4E34994-E4D8-447C-AD80-F55BE02A4779}.Release|Any CPU.ActiveCfg = Release|Any CPU
		{C4E34994-E4D8-447C-AD80-F55BE02A4779}.Release|Any CPU.Build.0 = Release|Any CPU
		{5A049120-4E29-4114-9BF1-7D6870EBD5FC}.Debug|Any CPU.ActiveCfg = Debug|Any CPU
		{5A049120-4E29-4114-9BF1-7D6870EBD5FC}.Debug|Any CPU.Build.0 = Debug|Any CPU
		{5A049120-4E29-4114-9BF1-7D6870EBD5FC}.Release|Any CPU.ActiveCfg = Release|Any CPU
		{5A049120-4E29-4114-9BF1-7D6870EBD5FC}.Release|Any CPU.Build.0 = Release|Any CPU
	EndGlobalSection
	GlobalSection(SolutionProperties) = preSolution
		HideSolutionNode = FALSE
	EndGlobalSection
	GlobalSection(NestedProjects) = preSolution
		{4F9AB419-FFED-47A6-A5F1-76763C63A98F} = {00A687F5-4B11-4744-96AD-7134E24A2D7B}
		{FB7E190F-4274-4036-A99B-B05261519475} = {00A687F5-4B11-4744-96AD-7134E24A2D7B}
		{3C37973E-9BFC-43DF-9537-BD8024F74216} = {D4F1F721-7D79-43D8-AB41-BE6C2CAC0A7D}
		{C4E34994-E4D8-447C-AD80-F55BE02A4779} = {D4F1F721-7D79-43D8-AB41-BE6C2CAC0A7D}
		{5A049120-4E29-4114-9BF1-7D6870EBD5FC} = {6343CBB2-E7BD-41D9-BBF8-63970FEA1944}
	EndGlobalSection
	GlobalSection(ExtensibilityGlobals) = postSolution
		SolutionGuid = {CE2AB20C-01E9-4FC3-892C-96D6A02D57BD}
	EndGlobalSection
EndGlobal
